// !$*UTF8*$!
{
	archiveVersion = 1;
	classes = {
	};
	objectVersion = 46;
	objects = {

/* Begin PBXBuildFile section */
		EBD0D1591AB3A5FA00DFFADA /* main.m in Sources */ = {isa = PBXBuildFile; fileRef = EBD0D1581AB3A5FA00DFFADA /* main.m */; };
/* End PBXBuildFile section */

/* Begin PBXCopyFilesBuildPhase section */
		EBD0D1531AB3A5FA00DFFADA /* CopyFiles */ = {
			isa = PBXCopyFilesBuildPhase;
			buildActionMask = 2147483647;
			dstPath = /usr/share/man/man1/;
			dstSubfolderSpec = 0;
			files = (
			);
			runOnlyForDeploymentPostprocessing = 1;
		};
/* End PBXCopyFilesBuildPhase section */

/* Begin PBXFileReference section */
		EBD0D1551AB3A5FA00DFFADA /* PigLatin */ = {isa = PBXFileReference; explicitFileType = "compiled.mach-o.executable"; includeInIndex = 0; path = PigLatin; sourceTree = BUILT_PRODUCTS_DIR; };
		EBD0D1581AB3A5FA00DFFADA /* main.m */ = {isa = PBXFileReference; lastKnownFileType = sourcecode.c.objc; path = main.m; sourceTree = "<group>"; };
/* End PBXFileReference section */

/* Begin PBXFrameworksBuildPhase section */
		EBD0D1521AB3A5FA00DFFADA /* Frameworks */ = {
			isa = PBXFrameworksBuildPhase;
			buildActionMask = 2147483647;
			files = (
			);
			runOnlyForDeploymentPostprocessing = 0;
		};
/* End PBXFrameworksBuildPhase section */

/* Begin PBXGroup section */
		EBD0D14C1AB3A5FA00DFFADA = {
			isa = PBXGroup;
			children = (
				EBD0D1571AB3A5FA00DFFADA /* PigLatin */,
				EBD0D1561AB3A5FA00DFFADA /* Products */,
			);
			sourceTree = "<group>";
		};
		EBD0D1561AB3A5FA00DFFADA /* Products */ = {
			isa = PBXGroup;
			children = (
				EBD0D1551AB3A5FA00DFFADA /* PigLatin */,
			);
			name = Products;
			sourceTree = "<group>";
		};
		EBD0D1571AB3A5FA00DFFADA /* PigLatin */ = {
			isa = PBXGroup;
			children = (
				EBD0D1581AB3A5FA00DFFADA /* main.m */,
			);
			path = PigLatin;
			sourceTree = "<group>";
		};
/* End PBXGroup section */

/* Begin PBXNativeTarget section */
		EBD0D1541AB3A5FA00DFFADA /* PigLatin */ = {
			isa = PBXNativeTarget;
			buildConfigurationList = EBD0D15C1AB3A5FA00DFFADA /* Build configuration list for PBXNativeTarget "PigLatin" */;
			buildPhases = (
				EBD0D1511AB3A5FA00DFFADA /* Sources */,
				EBD0D1521AB3A5FA00DFFADA /* Frameworks */,
				EBD0D1531AB3A5FA00DFFADA /* CopyFiles */,
			);
			buildRules = (
			);
			dependencies = (
			);
			name = PigLatin;
			productName = PigLatin;
			productReference = EBD0D1551AB3A5FA00DFFADA /* PigLatin */;
			productType = "com.apple.product-type.tool";
		};
/* End PBXNativeTarget section */

/* Begin PBXProject section */
		EBD0D14D1AB3A5FA00DFFADA /* Project object */ = {
			isa = PBXProject;
			attributes = {
				LastUpgradeCheck = 0630;
				ORGANIZATIONNAME = "98% Chimp";
				TargetAttributes = {
					EBD0D1541AB3A5FA00DFFADA = {
						CreatedOnToolsVersion = 6.3;
					};
				};
			};
			buildConfigurationList = EBD0D1501AB3A5FA00DFFADA /* Build configuration list for PBXProject "PigLatin" */;
			compatibilityVersion = "Xcode 3.2";
			developmentRegion = English;
			hasScannedForEncodings = 0;
			knownRegions = (
				en,
			);
			mainGroup = EBD0D14C1AB3A5FA00DFFADA;
			productRefGroup = EBD0D1561AB3A5FA00DFFADA /* Products */;
			projectDirPath = "";
			projectRoot = "";
			targets = (
				EBD0D1541AB3A5FA00DFFADA /* PigLatin */,
			);
		};
/* End PBXProject section */

/* Begin PBXSourcesBuildPhase section */
		EBD0D1511AB3A5FA00DFFADA /* Sources */ = {
			isa = PBXSourcesBuildPhase;
			buildActionMask = 2147483647;
			files = (
				EBD0D1591AB3A5FA00DFFADA /* main.m in Sources */,
			);
			runOnlyForDeploymentPostprocessing = 0;
		};
/* End PBXSourcesBuildPhase section */

/* Begin XCBuildConfiguration section */
		EBD0D15A1AB3A5FA00DFFADA /* Debug */ = {
			isa = XCBuildConfiguration;
			buildSettings = {
				ALWAYS_SEARCH_USER_PATHS = NO;
				CLANG_CXX_LANGUAGE_STANDARD = "gnu++0x";
				CLANG_CXX_LIBRARY = "libc++";
				CLANG_ENABLE_MODULES = YES;
				CLANG_ENABLE_OBJC_ARC = YES;
				CLANG_WARN_BOOL_CONVERSION = YES;
				CLANG_WARN_CONSTANT_CONVERSION = YES;
				CLANG_WARN_DIRECT_OBJC_ISA_USAGE = YES_ERROR;
				CLANG_WARN_EMPTY_BODY = YES;
				CLANG_WARN_ENUM_CONVERSION = YES;
				CLANG_WARN_INT_CONVERSION = YES;
				CLANG_WARN_OBJC_ROOT_CLASS = YES_ERROR;
				CLANG_WARN_UNREACHABLE_CODE = YES;
				CLANG_WARN__DUPLICATE_METHOD_MATCH = YES;
				COPY_PHASE_STRIP = NO;
				DEBUG_INFORMATION_FORMAT = dwarf;
				ENABLE_STRICT_OBJC_MSGSEND = YES;
				GCC_C_LANGUAGE_STANDARD = gnu99;
				GCC_DYNAMIC_NO_PIC = NO;
				GCC_OPTIMIZATION_LEVEL = 0;
				GCC_PREPROCESSOR_DEFINITIONS = (
					"DEBUG=1",
					"$(inherited)",
				);
				GCC_SYMBOLS_PRIVATE_EXTERN = NO;
				GCC_WARN_64_TO_32_BIT_CONVERSION = YES;
				GCC_WARN_ABOUT_RETURN_TYPE = YES_ERROR;
				GCC_WARN_UNDECLARED_SELECTOR = YES;
				GCC_WARN_UNINITIALIZED_AUTOS = YES_AGGRESSIVE;
				GCC_WARN_UNUSED_FUNCTION = YES;
				GCC_WARN_UNUSED_VARIABLE = YES;
				MACOSX_DEPLOYMENT_TARGET = 10.10;
				MTL_ENABLE_DEBUG_INFO = YES;
				ONLY_ACTIVE_ARCH = YES;
				SDKROOT = macosx;
			};
			name = Debug;
		};
		EBD0D15B1AB3A5FA00DFFADA /* Release */ = {
			isa = XCBuildConfiguration;
			buildSettings = {
				ALWAYS_SEARCH_USER_PATHS = NO;
				CLANG_CXX_LANGUAGE_STANDARD = "gnu++0x";
				CLANG_CXX_LIBRARY = "libc++";
				CLANG_ENABLE_MODULES = YES;
				CLANG_ENABLE_OBJC_ARC = YES;
				CLANG_WARN_BOOL_CONVERSION = YES;
				CLANG_WARN_CONSTANT_CONVERSION = YES;
				CLANG_WARN_DIRECT_OBJC_ISA_USAGE = YES_ERROR;
				CLANG_WARN_EMPTY_BODY = YES;
				CLANG_WARN_ENUM_CONVERSION = YES;
				CLANG_WARN_INT_CONVERSION = YES;
				CLANG_WARN_OBJC_ROOT_CLASS = YES_ERROR;
				CLANG_WARN_UNREACHABLE_CODE = YES;
				CLANG_WARN__DUPLICATE_METHOD_MATCH = YES;
				COPY_PHASE_STRIP = NO;
				DEBUG_INFORMATION_FORMAT = "dwarf-with-dsym";
				ENABLE_NS_ASSERTIONS = NO;
				ENABLE_STRICT_OBJC_MSGSEND = YES;
				GCC_C_LANGUAGE_STANDARD = gnu99;
				GCC_WARN_64_TO_32_BIT_CONVERSION = YES;
				GCC_WARN_ABOUT_RETURN_TYPE = YES_ERROR;
				GCC_WARN_UNDECLARED_SELECTOR = YES;
				GCC_WARN_UNINITIALIZED_AUTOS = YES_AGGRESSIVE;
				GCC_WARN_UNUSED_FUNCTION = YES;
				GCC_WARN_UNUSED_VARIABLE = YES;
				MACOSX_DEPLOYMENT_TARGET = 10.10;
				MTL_ENABLE_DEBUG_INFO = NO;
				SDKROOT = macosx;
			};
			name = Release;
		};
		EBD0D15D1AB3A5FA00DFFADA /* Debug */ = {
			isa = XCBuildConfiguration;
			buildSettings = {
				PRODUCT_NAME = "$(TARGET_NAME)";
			};
			name = Debug;
		};
		EBD0D15E1AB3A5FA00DFFADA /* Release */ = {
			isa = XCBuildConfiguration;
			buildSettings = {
				PRODUCT_NAME = "$(TARGET_NAME)";
			};
			name = Release;
		};
/* End XCBuildConfiguration section */

/* Begin XCConfigurationList section */
		EBD0D1501AB3A5FA00DFFADA /* Build configuration list for PBXProject "PigLatin" */ = {
			isa = XCConfigurationList;
			buildConfigurations = (
				EBD0D15A1AB3A5FA00DFFADA /* Debug */,
				EBD0D15B1AB3A5FA00DFFADA /* Release */,
			);
			defaultConfigurationIsVisible = 0;
			defaultConfigurationName = Release;
		};
		EBD0D15C1AB3A5FA00DFFADA /* Build configuration list for PBXNativeTarget "PigLatin" */ = {
			isa = XCConfigurationList;
			buildConfigurations = (
				EBD0D15D1AB3A5FA00DFFADA /* Debug */,
				EBD0D15E1AB3A5FA00DFFADA /* Release */,
			);
			defaultConfigurationIsVisible = 0;
		};
/* End XCConfigurationList section */
	};
	rootObject = EBD0D14D1AB3A5FA00DFFADA /* Project object */;
}
